<?xml version="1.0" encoding="utf-8"?>
<Project ToolsVersion="4.0" xmlns="http://schemas.microsoft.com/developer/msbuild/2003">
  <ItemGroup>
    <Filter Include="Source Files">
      <UniqueIdentifier>{4FC737F1-C7A5-4376-A066-2A32D752A2FF}</UniqueIdentifier>
      <Extensions>cpp;c;cc;cxx;def;odl;idl;hpj;bat;asm;asmx</Extensions>
    </Filter>
    <Filter Include="Header Files">
      <UniqueIdentifier>{93995380-89BD-4b04-88EB-625FBE52EBFB}</UniqueIdentifier>
      <Extensions>h;hh;hpp;hxx;hm;inl;inc;xsd</Extensions>
    </Filter>
    <Filter Include="Resource Files">
      <UniqueIdentifier>{67DA6AB6-F800-4c08-8B7A-83BB121AAD01}</UniqueIdentifier>
      <Extensions>rc;ico;cur;bmp;dlg;rc2;rct;bin;rgs;gif;jpg;jpeg;jpe;resx;tiff;tif;png;wav;mfcribbon-ms</Extensions>
    </Filter>
    <Filter Include="Header Files\utils">
      <UniqueIdentifier>{3c07e480-3279-45d3-91a5-6996b1a43995}</UniqueIdentifier>
    </Filter>
    <Filter Include="Source Files\utils">
      <UniqueIdentifier>{a06880c5-17bd-4bd4-aa89-91a5ecd8315e}</UniqueIdentifier>
    </Filter>
    <Filter Include="Source Files\menu">
      <UniqueIdentifier>{6538cf59-61a8-4421-ab02-6b597eed144c}</UniqueIdentifier>
    </Filter>
    <Filter Include="Header Files\menu">
      <UniqueIdentifier>{7f3db6ed-c0c2-4546-8df3-faf26df1ff8b}</UniqueIdentifier>
    </Filter>
    <Filter Include="Header Files\features">
      <UniqueIdentifier>{b72b0173-ba50-4720-9e2f-c93f64b77279}</UniqueIdentifier>
    </Filter>
    <Filter Include="Source Files\features">
      <UniqueIdentifier>{bb246b12-7b6e-457f-9d69-53907c5505ab}</UniqueIdentifier>
    </Filter>
    <Filter Include="Source Files\mathmatics">
      <UniqueIdentifier>{87819899-a3cc-4109-8747-fae2fbf3a8fb}</UniqueIdentifier>
    </Filter>
    <Filter Include="sdk">
      <UniqueIdentifier>{b29b7077-e0b6-4b80-b0f1-132733f75028}</UniqueIdentifier>
    </Filter>
    <Filter Include="sdk\interfaces">
      <UniqueIdentifier>{0f4f28f0-57c3-411d-a365-24fb89cc13ce}</UniqueIdentifier>
    </Filter>
    <Filter Include="sdk\math">
      <UniqueIdentifier>{6ad36d1e-b659-4343-b98c-dc3bad95f1f7}</UniqueIdentifier>
    </Filter>
    <Filter Include="sdk\misc">
      <UniqueIdentifier>{3044b392-8694-4bea-941f-234045b19ef9}</UniqueIdentifier>
    </Filter>
    <Filter Include="Helpers">
      <UniqueIdentifier>{497e6319-efcd-414a-bd18-9535c951ce80}</UniqueIdentifier>
    </Filter>
  </ItemGroup>
  <ItemGroup>
    <ClInclude Include="utils\utils.h">
      <Filter>Header Files\utils</Filter>
    </ClInclude>
    <ClInclude Include="utils\vmt.h">
      <Filter>Header Files\utils</Filter>
    </ClInclude>
    <ClInclude Include="hooks.h">
      <Filter>Header Files</Filter>
    </ClInclude>
    <ClInclude Include="menu\DrawManager.h">
      <Filter>Header Files\menu</Filter>
    </ClInclude>
    <ClInclude Include="menu\S1lentgui.hpp">
      <Filter>Header Files\menu</Filter>
    </ClInclude>
    <ClInclude Include="menu\Menu.hpp">
      <Filter>Header Files\menu</Filter>
    </ClInclude>
    <ClInclude Include="Options.hpp">
      <Filter>Header Files</Filter>
    </ClInclude>
    <ClInclude Include="features\Aimbot.hpp">
      <Filter>Header Files\features</Filter>
    </ClInclude>
    <ClInclude Include="utils\FeatureUtils.hpp">
      <Filter>Header Files\utils</Filter>
    </ClInclude>
    <ClInclude Include="features\ESP.hpp">
      <Filter>Header Files\features</Filter>
    </ClInclude>
    <ClInclude Include="features\Glow.hpp">
      <Filter>Header Files\features</Filter>
    </ClInclude>
    <ClInclude Include="Config.h">
      <Filter>Header Files</Filter>
    </ClInclude>
    <ClInclude Include="JSON.h">
      <Filter>Header Files</Filter>
    </ClInclude>
    <ClInclude Include="Triggerbot.hpp">
      <Filter>Header Files\features</Filter>
    </ClInclude>
    <ClInclude Include="features\Backtracking.hpp">
      <Filter>Header Files\features</Filter>
    </ClInclude>
    <ClInclude Include="sdk\csgostructs.hpp">
      <Filter>sdk</Filter>
    </ClInclude>
    <ClInclude Include="sdk\netvars.hpp">
      <Filter>sdk</Filter>
    </ClInclude>
    <ClInclude Include="sdk\sdk.hpp">
      <Filter>sdk</Filter>
    </ClInclude>
    <ClInclude Include="sdk\misc\BaseHandle.hpp">
      <Filter>sdk\misc</Filter>
    </ClInclude>
    <ClInclude Include="sdk\misc\characterset.hpp">
      <Filter>sdk\misc</Filter>
    </ClInclude>
    <ClInclude Include="sdk\misc\checksum_crc.hpp">
      <Filter>sdk\misc</Filter>
    </ClInclude>
    <ClInclude Include="sdk\misc\checksum_md5.hpp">
      <Filter>sdk\misc</Filter>
    </ClInclude>
    <ClInclude Include="sdk\misc\ClientClass.hpp">
      <Filter>sdk\misc</Filter>
    </ClInclude>
    <ClInclude Include="sdk\misc\Color.hpp">
      <Filter>sdk\misc</Filter>
    </ClInclude>
    <ClInclude Include="sdk\misc\Convar.hpp">
      <Filter>sdk\misc</Filter>
    </ClInclude>
    <ClInclude Include="sdk\misc\CUserCmd.hpp">
      <Filter>sdk\misc</Filter>
    </ClInclude>
    <ClInclude Include="sdk\misc\datamap.hpp">
      <Filter>sdk\misc</Filter>
    </ClInclude>
    <ClInclude Include="sdk\misc\EHandle.hpp">
      <Filter>sdk\misc</Filter>
    </ClInclude>
    <ClInclude Include="sdk\misc\Enums.hpp">
      <Filter>sdk\misc</Filter>
    </ClInclude>
    <ClInclude Include="sdk\misc\GlobalVars.hpp">
      <Filter>sdk\misc</Filter>
    </ClInclude>
    <ClInclude Include="sdk\misc\glow_outline_effect.hpp">
      <Filter>sdk\misc</Filter>
    </ClInclude>
    <ClInclude Include="sdk\misc\IHandleEntity.hpp">
      <Filter>sdk\misc</Filter>
    </ClInclude>
    <ClInclude Include="sdk\misc\platform.hpp">
      <Filter>sdk\misc</Filter>
    </ClInclude>
    <ClInclude Include="sdk\misc\Recv.hpp">
      <Filter>sdk\misc</Filter>
    </ClInclude>
    <ClInclude Include="sdk\misc\Studio.hpp">
      <Filter>sdk\misc</Filter>
    </ClInclude>
    <ClInclude Include="sdk\misc\UtlBuffer.hpp">
      <Filter>sdk\misc</Filter>
    </ClInclude>
    <ClInclude Include="sdk\misc\UtlMemory.hpp">
      <Filter>sdk\misc</Filter>
    </ClInclude>
    <ClInclude Include="sdk\misc\UtlString.hpp">
      <Filter>sdk\misc</Filter>
    </ClInclude>
    <ClInclude Include="sdk\misc\UtlVector.hpp">
      <Filter>sdk\misc</Filter>
    </ClInclude>
    <ClInclude Include="sdk\misc\vfunc.hpp">
      <Filter>sdk\misc</Filter>
    </ClInclude>
    <ClInclude Include="sdk\math\QAngle.hpp">
      <Filter>sdk\math</Filter>
    </ClInclude>
    <ClInclude Include="sdk\math\Vector.hpp">
      <Filter>sdk\math</Filter>
    </ClInclude>
    <ClInclude Include="sdk\math\Vector2D.hpp">
      <Filter>sdk\math</Filter>
    </ClInclude>
    <ClInclude Include="sdk\math\Vector4D.hpp">
      <Filter>sdk\math</Filter>
    </ClInclude>
    <ClInclude Include="sdk\math\VMatrix.hpp">
      <Filter>sdk\math</Filter>
    </ClInclude>
    <ClInclude Include="sdk\interfaces\CClientState.hpp">
      <Filter>sdk\interfaces</Filter>
    </ClInclude>
    <ClInclude Include="sdk\interfaces\CInput.hpp">
      <Filter>sdk\interfaces</Filter>
    </ClInclude>
    <ClInclude Include="sdk\interfaces\IAppSystem.hpp">
      <Filter>sdk\interfaces</Filter>
    </ClInclude>
    <ClInclude Include="sdk\interfaces\IBaseClientDll.hpp">
      <Filter>sdk\interfaces</Filter>
    </ClInclude>
    <ClInclude Include="sdk\interfaces\IClientEntity.hpp">
      <Filter>sdk\interfaces</Filter>
    </ClInclude>
    <ClInclude Include="sdk\interfaces\IClientEntityList.hpp">
      <Filter>sdk\interfaces</Filter>
    </ClInclude>
    <ClInclude Include="sdk\interfaces\IClientMode.hpp">
      <Filter>sdk\interfaces</Filter>
    </ClInclude>
    <ClInclude Include="sdk\interfaces\IClientNetworkable.hpp">
      <Filter>sdk\interfaces</Filter>
    </ClInclude>
    <ClInclude Include="sdk\interfaces\IClientRenderable.hpp">
      <Filter>sdk\interfaces</Filter>
    </ClInclude>
    <ClInclude Include="sdk\interfaces\IClientThinkable.hpp">
      <Filter>sdk\interfaces</Filter>
    </ClInclude>
    <ClInclude Include="sdk\interfaces\IClientUnknown.hpp">
      <Filter>sdk\interfaces</Filter>
    </ClInclude>
    <ClInclude Include="sdk\interfaces\ICollideable.hpp">
      <Filter>sdk\interfaces</Filter>
    </ClInclude>
    <ClInclude Include="sdk\interfaces\IConVar.hpp">
      <Filter>sdk\interfaces</Filter>
    </ClInclude>
    <ClInclude Include="sdk\interfaces\ICvar.hpp">
      <Filter>sdk\interfaces</Filter>
    </ClInclude>
    <ClInclude Include="sdk\interfaces\IEngineSound.hpp">
      <Filter>sdk\interfaces</Filter>
    </ClInclude>
    <ClInclude Include="sdk\interfaces\IEngineTrace.hpp">
      <Filter>sdk\interfaces</Filter>
    </ClInclude>
    <ClInclude Include="sdk\interfaces\IGameEventmanager.hpp">
      <Filter>sdk\interfaces</Filter>
    </ClInclude>
    <ClInclude Include="sdk\interfaces\IMaterialSystem.hpp">
      <Filter>sdk\interfaces</Filter>
    </ClInclude>
    <ClInclude Include="sdk\interfaces\IMDLCache.hpp">
      <Filter>sdk\interfaces</Filter>
    </ClInclude>
    <ClInclude Include="sdk\interfaces\IMoveHelper.hpp">
      <Filter>sdk\interfaces</Filter>
    </ClInclude>
    <ClInclude Include="sdk\interfaces\IPanel.hpp">
      <Filter>sdk\interfaces</Filter>
    </ClInclude>
    <ClInclude Include="sdk\interfaces\IPhysics.hpp">
      <Filter>sdk\interfaces</Filter>
    </ClInclude>
    <ClInclude Include="sdk\interfaces\IPrediction.hpp">
      <Filter>sdk\interfaces</Filter>
    </ClInclude>
    <ClInclude Include="sdk\interfaces\IRenderView.hpp">
      <Filter>sdk\interfaces</Filter>
    </ClInclude>
    <ClInclude Include="sdk\interfaces\ISurface.hpp">
      <Filter>sdk\interfaces</Filter>
    </ClInclude>
    <ClInclude Include="sdk\interfaces\IVDebugOverlay.hpp">
      <Filter>sdk\interfaces</Filter>
    </ClInclude>
    <ClInclude Include="sdk\interfaces\IVEngineClient.hpp">
      <Filter>sdk\interfaces</Filter>
    </ClInclude>
    <ClInclude Include="sdk\interfaces\IViewRender.hpp">
      <Filter>sdk\interfaces</Filter>
    </ClInclude>
    <ClInclude Include="sdk\interfaces\IVModelInfoClient.hpp">
      <Filter>sdk\interfaces</Filter>
    </ClInclude>
    <ClInclude Include="sdk\interfaces\IVModelRender.hpp">
      <Filter>sdk\interfaces</Filter>
    </ClInclude>
    <ClInclude Include="Singleton.hpp">
      <Filter>Header Files</Filter>
    </ClInclude>
    <ClInclude Include="Helpers\math.hpp">
      <Filter>Helpers</Filter>
    </ClInclude>
    <ClInclude Include="Helpers\nhm.hpp">
      <Filter>Helpers</Filter>
    </ClInclude>
    <ClInclude Include="Helpers\utils.hpp">
      <Filter>Helpers</Filter>
    </ClInclude>
    <ClInclude Include="Helpers\XorStr.hpp">
      <Filter>Helpers</Filter>
    </ClInclude>
  </ItemGroup>
  <ItemGroup>
    <ClCompile Include="main.cpp">
      <Filter>Source Files</Filter>
    </ClCompile>
    <ClCompile Include="menu\DrawManager.cpp">
      <Filter>Source Files\menu</Filter>
    </ClCompile>
    <ClCompile Include="menu\Menu.cpp">
      <Filter>Source Files\menu</Filter>
    </ClCompile>
    <ClCompile Include="hooks.cpp">
      <Filter>Source Files</Filter>
    </ClCompile>
    <ClCompile Include="Options.cpp">
      <Filter>Source Files</Filter>
    </ClCompile>
    <ClCompile Include="menu\S1lentgui.cpp">
      <Filter>Source Files\menu</Filter>
    </ClCompile>
    <ClCompile Include="features\Aimbot.cpp">
      <Filter>Source Files\features</Filter>
    </ClCompile>
    <ClCompile Include="utils\FeatureUtils.cpp">
      <Filter>Source Files\utils</Filter>
    </ClCompile>
    <ClCompile Include="features\ESP.cpp">
      <Filter>Source Files\features</Filter>
    </ClCompile>
    <ClCompile Include="features\Glow.cpp">
      <Filter>Source Files\features</Filter>
    </ClCompile>
    <ClCompile Include="Config.cpp">
      <Filter>Source Files</Filter>
    </ClCompile>
    <ClCompile Include="JSON.cpp">
      <Filter>Source Files</Filter>
    </ClCompile>
    <ClCompile Include="Triggerbot.cpp">
      <Filter>Source Files\features</Filter>
    </ClCompile>
    <ClCompile Include="features\Backtracking.cpp">
      <Filter>Source Files\features</Filter>
    </ClCompile>
    <ClCompile Include="sdk\csgostructs.cpp">
      <Filter>sdk</Filter>
    </ClCompile>
    <ClCompile Include="sdk\netvars.cpp">
      <Filter>sdk</Filter>
    </ClCompile>
    <ClCompile Include="sdk\sdk.cpp">
      <Filter>sdk</Filter>
    </ClCompile>
    <ClCompile Include="sdk\misc\characterset.cpp">
      <Filter>sdk\misc</Filter>
    </ClCompile>
    <ClCompile Include="sdk\misc\checksum_crc.cpp">
      <Filter>sdk\misc</Filter>
    </ClCompile>
    <ClCompile Include="sdk\misc\checksum_md5.cpp">
      <Filter>sdk\misc</Filter>
    </ClCompile>
    <ClCompile Include="sdk\misc\Color.cpp">
      <Filter>sdk\misc</Filter>
    </ClCompile>
    <ClCompile Include="sdk\misc\Convar.cpp">
      <Filter>sdk\misc</Filter>
    </ClCompile>
    <ClCompile Include="sdk\misc\UtlBuffer.cpp">
      <Filter>sdk\misc</Filter>
    </ClCompile>
    <ClCompile Include="sdk\misc\UtlString.cpp">
      <Filter>sdk\misc</Filter>
    </ClCompile>
    <ClCompile Include="sdk\math\Vector2D.cpp">
      <Filter>sdk\math</Filter>
    </ClCompile>
    <ClCompile Include="sdk\math\Vector4D.cpp">
      <Filter>sdk\math</Filter>
    </ClCompile>
    <ClCompile Include="sdk\math\VMatrix.cpp">
      <Filter>sdk\math</Filter>
    </ClCompile>
    <ClCompile Include="Helpers\math.cpp">
      <Filter>Helpers</Filter>
    </ClCompile>
    <ClCompile Include="Helpers\nhm.cpp">
      <Filter>Helpers</Filter>
    </ClCompile>
    <ClCompile Include="Helpers\utils.cpp">
      <Filter>Helpers</Filter>
    </ClCompile>
  </ItemGroup>
</Project>